
Microsoft Visual Studio Solution File, Format Version 12.00
# Visual Studio Version 16
VisualStudioVersion = 16.0.30907.101
MinimumVisualStudioVersion = 10.0.40219.1
Project("{9A19103F-16F7-4668-BE54-9A1E7A4F7556}") = "WarehauseShop.WebUI", "src\WarehauseShop.WebUI\WarehauseShop.WebUI.csproj", "{ECAE4466-C819-4C74-B7D7-33E2119405D2}"
EndProject
Project("{9A19103F-16F7-4668-BE54-9A1E7A4F7556}") = "WarehauseShop.Application", "src\WarehauseShop.Application\WarehauseShop.Application.csproj", "{C5894D4E-4DBC-4939-8203-DE82FD1E9AD5}"
EndProject
Project("{FAE04EC0-301F-11D3-BF4B-00C04F79EFBC}") = "WarehauseShop.EntityFramework", "src\WarehauseShop.EntityFramework\WarehauseShop.EntityFramework.csproj", "{22D48C3A-E826-4A6E-8D40-29C359768865}"
EndProject
Global
	GlobalSection(SolutionConfigurationPlatforms) = preSolution
		Debug|Any CPU = Debug|Any CPU
		Release|Any CPU = Release|Any CPU
	EndGlobalSection
	GlobalSection(ProjectConfigurationPlatforms) = postSolution
		{ECAE4466-C819-4C74-B7D7-33E2119405D2}.Debug|Any CPU.ActiveCfg = Debug|Any CPU
		{ECAE4466-C819-4C74-B7D7-33E2119405D2}.Debug|Any CPU.Build.0 = Debug|Any CPU
		{ECAE4466-C819-4C74-B7D7-33E2119405D2}.Release|Any CPU.ActiveCfg = Release|Any CPU
		{ECAE4466-C819-4C74-B7D7-33E2119405D2}.Release|Any CPU.Build.0 = Release|Any CPU
		{C5894D4E-4DBC-4939-8203-DE82FD1E9AD5}.Debug|Any CPU.ActiveCfg = Debug|Any CPU
		{C5894D4E-4DBC-4939-8203-DE82FD1E9AD5}.Debug|Any CPU.Build.0 = Debug|Any CPU
		{C5894D4E-4DBC-4939-8203-DE82FD1E9AD5}.Release|Any CPU.ActiveCfg = Release|Any CPU
		{C5894D4E-4DBC-4939-8203-DE82FD1E9AD5}.Release|Any CPU.Build.0 = Release|Any CPU
		{22D48C3A-E826-4A6E-8D40-29C359768865}.Debug|Any CPU.ActiveCfg = Debug|Any CPU
		{22D48C3A-E826-4A6E-8D40-29C359768865}.Debug|Any CPU.Build.0 = Debug|Any CPU
		{22D48C3A-E826-4A6E-8D40-29C359768865}.Release|Any CPU.ActiveCfg = Release|Any CPU
		{22D48C3A-E826-4A6E-8D40-29C359768865}.Release|Any CPU.Build.0 = Release|Any CPU
	EndGlobalSection
	GlobalSection(SolutionProperties) = preSolution
		HideSolutionNode = FALSE
	EndGlobalSection
	GlobalSection(ExtensibilityGlobals) = postSolution
		SolutionGuid = {4430EAC6-297E-4B7A-B77F-C22BD16DA7FC}
	EndGlobalSection
EndGlobal
