
Microsoft Visual Studio Solution File, Format Version 12.00
# Visual Studio Version 16
VisualStudioVersion = 16.0.30907.101
MinimumVisualStudioVersion = 10.0.40219.1
Project("{9A19103F-16F7-4668-BE54-9A1E7A4F7556}") = "WarehauseShop.WebUI", "src\WarehauseShop.WebUI\WarehauseShop.WebUI.csproj", "{ECAE4466-C819-4C74-B7D7-33E2119405D2}"
EndProject
Project("{9A19103F-16F7-4668-BE54-9A1E7A4F7556}") = "WarehauseShop.Application", "src\WarehauseShop.Application\WarehauseShop.Application.csproj", "{C5894D4E-4DBC-4939-8203-DE82FD1E9AD5}"
EndProject
Project("{9A19103F-16F7-4668-BE54-9A1E7A4F7556}") = "WarehauseShop.EntityFramework", "src\WarehauseShop.EntityFramework\WarehauseShop.EntityFramework.csproj", "{22D48C3A-E826-4A6E-8D40-29C359768865}"
EndProject
Project("{9A19103F-16F7-4668-BE54-9A1E7A4F7556}") = "WarehauseShop.Domain", "src\WarehauseShop.Domain\WarehauseShop.Domain.csproj", "{4F8BCF7B-561D-45D6-B00D-CE750E628211}"
EndProject
Project("{2150E333-8FDC-42A3-9474-1A3956D46DE8}") = "Presentation", "Presentation", "{01CAD73D-FF70-45DF-945C-5BCF645A576B}"
EndProject
Project("{2150E333-8FDC-42A3-9474-1A3956D46DE8}") = "Application", "Application", "{B7CE2E8C-CFF6-4786-AB59-112AAA90F3D6}"
EndProject
Project("{2150E333-8FDC-42A3-9474-1A3956D46DE8}") = "Domain", "Domain", "{73619E65-945D-4F02-A079-8655F8BC24EA}"
EndProject
Project("{2150E333-8FDC-42A3-9474-1A3956D46DE8}") = "Infrastructure", "Infrastructure", "{D78CBAF7-1FCE-4467-AE84-0C79AC9A88A0}"
EndProject
Project("{2150E333-8FDC-42A3-9474-1A3956D46DE8}") = "Data", "Data", "{35F8DC75-1FCD-4445-931C-E6E17F6FE170}"
EndProject
Project("{2150E333-8FDC-42A3-9474-1A3956D46DE8}") = "CrossCutting", "CrossCutting", "{5D7A5473-506F-471A-99AA-53EFA05E872F}"
EndProject
Project("{FAE04EC0-301F-11D3-BF4B-00C04F79EFBC}") = "WarehauseShop.CrossCutting.loC", "src\WarehauseShop.CrossCutting.loC\WarehauseShop.CrossCutting.loC.csproj", "{CA9FC971-4364-4A37-B8C8-5584BFBCF108}"
EndProject
Global
	GlobalSection(SolutionConfigurationPlatforms) = preSolution
		Debug|Any CPU = Debug|Any CPU
		Release|Any CPU = Release|Any CPU
	EndGlobalSection
	GlobalSection(ProjectConfigurationPlatforms) = postSolution
		{ECAE4466-C819-4C74-B7D7-33E2119405D2}.Debug|Any CPU.ActiveCfg = Debug|Any CPU
		{ECAE4466-C819-4C74-B7D7-33E2119405D2}.Debug|Any CPU.Build.0 = Debug|Any CPU
		{ECAE4466-C819-4C74-B7D7-33E2119405D2}.Release|Any CPU.ActiveCfg = Release|Any CPU
		{ECAE4466-C819-4C74-B7D7-33E2119405D2}.Release|Any CPU.Build.0 = Release|Any CPU
		{C5894D4E-4DBC-4939-8203-DE82FD1E9AD5}.Debug|Any CPU.ActiveCfg = Debug|Any CPU
		{C5894D4E-4DBC-4939-8203-DE82FD1E9AD5}.Debug|Any CPU.Build.0 = Debug|Any CPU
		{C5894D4E-4DBC-4939-8203-DE82FD1E9AD5}.Release|Any CPU.ActiveCfg = Release|Any CPU
		{C5894D4E-4DBC-4939-8203-DE82FD1E9AD5}.Release|Any CPU.Build.0 = Release|Any CPU
		{22D48C3A-E826-4A6E-8D40-29C359768865}.Debug|Any CPU.ActiveCfg = Debug|Any CPU
		{22D48C3A-E826-4A6E-8D40-29C359768865}.Debug|Any CPU.Build.0 = Debug|Any CPU
		{22D48C3A-E826-4A6E-8D40-29C359768865}.Release|Any CPU.ActiveCfg = Release|Any CPU
		{22D48C3A-E826-4A6E-8D40-29C359768865}.Release|Any CPU.Build.0 = Release|Any CPU
		{4F8BCF7B-561D-45D6-B00D-CE750E628211}.Debug|Any CPU.ActiveCfg = Debug|Any CPU
		{4F8BCF7B-561D-45D6-B00D-CE750E628211}.Debug|Any CPU.Build.0 = Debug|Any CPU
		{4F8BCF7B-561D-45D6-B00D-CE750E628211}.Release|Any CPU.ActiveCfg = Release|Any CPU
		{4F8BCF7B-561D-45D6-B00D-CE750E628211}.Release|Any CPU.Build.0 = Release|Any CPU
		{CA9FC971-4364-4A37-B8C8-5584BFBCF108}.Debug|Any CPU.ActiveCfg = Debug|Any CPU
		{CA9FC971-4364-4A37-B8C8-5584BFBCF108}.Debug|Any CPU.Build.0 = Debug|Any CPU
		{CA9FC971-4364-4A37-B8C8-5584BFBCF108}.Release|Any CPU.ActiveCfg = Release|Any CPU
		{CA9FC971-4364-4A37-B8C8-5584BFBCF108}.Release|Any CPU.Build.0 = Release|Any CPU
	EndGlobalSection
	GlobalSection(SolutionProperties) = preSolution
		HideSolutionNode = FALSE
	EndGlobalSection
	GlobalSection(NestedProjects) = preSolution
		{ECAE4466-C819-4C74-B7D7-33E2119405D2} = {01CAD73D-FF70-45DF-945C-5BCF645A576B}
		{C5894D4E-4DBC-4939-8203-DE82FD1E9AD5} = {B7CE2E8C-CFF6-4786-AB59-112AAA90F3D6}
		{22D48C3A-E826-4A6E-8D40-29C359768865} = {35F8DC75-1FCD-4445-931C-E6E17F6FE170}
		{4F8BCF7B-561D-45D6-B00D-CE750E628211} = {73619E65-945D-4F02-A079-8655F8BC24EA}
		{35F8DC75-1FCD-4445-931C-E6E17F6FE170} = {D78CBAF7-1FCE-4467-AE84-0C79AC9A88A0}
		{5D7A5473-506F-471A-99AA-53EFA05E872F} = {D78CBAF7-1FCE-4467-AE84-0C79AC9A88A0}
		{CA9FC971-4364-4A37-B8C8-5584BFBCF108} = {5D7A5473-506F-471A-99AA-53EFA05E872F}
	EndGlobalSection
	GlobalSection(ExtensibilityGlobals) = postSolution
		SolutionGuid = {4430EAC6-297E-4B7A-B77F-C22BD16DA7FC}
	EndGlobalSection
EndGlobal
